{
  "nodes": {
    "bscpkgs": {
      "inputs": {
        "nixpkgs": "nixpkgs"
      },
      "locked": {
        "lastModified": 1749650500,
        "narHash": "sha256-2MHfVPV6RA7qPSCtXh4+KK0F0UjN+J4z8//+n6NK7Xs=",
        "owner": "~rodarima",
        "repo": "bscpkgs",
        "rev": "9d1944c658929b6f98b3f3803fead4d1b91c4405",
        "type": "sourcehut"
      },
      "original": {
        "owner": "~rodarima",
        "repo": "bscpkgs",
        "type": "sourcehut"
      }
    },
    "nixpkgs": {
      "locked": {
        "lastModified": 1736867362,
        "narHash": "sha256-i/UJ5I7HoqmFMwZEH6vAvBxOrjjOJNU739lnZnhUln8=",
        "path": "/nix/store/2csx2kkb2hxyxhhmg2xs9jfyypikwwk6-source",
        "rev": "9c6b49aeac36e2ed73a8c472f1546f6d9cf1addc",
        "type": "path"
      },
      "original": {
        "id": "nixpkgs",
        "type": "indirect"
      }
    },
    "root": {
      "inputs": {
        "bscpkgs": "bscpkgs"
      }
    }
  },
  "root": "root",
  "version": 7
}
