{
  "nodes": {
    "bscpkgs": {
      "inputs": {
        "nixpkgs": "nixpkgs"
      },
      "locked": {
        "lastModified": 1740746160,
        "narHash": "sha256-gjhWwD7IHRaz7p5V4MTDXBYuu146VqSXUZwNww1tIx4=",
        "owner": "~rodarima",
        "repo": "bscpkgs",
        "rev": "c4583f787d535d4bc7c7805738f77abac702f130",
        "type": "sourcehut"
      },
      "original": {
        "owner": "~rodarima",
        "repo": "bscpkgs",
        "type": "sourcehut"
      }
    },
    "nixpkgs": {
      "locked": {
        "lastModified": 1740828860,
        "narHash": "sha256-cjbHI+zUzK5CPsQZqMhE3npTyYFt9tJ3+ohcfaOF/WM=",
        "path": "/nix/store/7g9h6nlrx5h1lwqy4ghxvbhb7imm3vcb-source",
        "rev": "303bd8071377433a2d8f76e684ec773d70c5b642",
        "type": "path"
      },
      "original": {
        "id": "nixpkgs",
        "type": "indirect"
      }
    },
    "root": {
      "inputs": {
        "bscpkgs": "bscpkgs"
      }
    }
  },
  "root": "root",
  "version": 7
}
